{
  "version": 4,
  "terraform_version": "0.12.18",
  "serial": 76,
  "lineage": "b847d547-e8aa-95a5-3e84-3850d2ab24ef",
  "outputs": {},
  "resources": [
    {
      "mode": "managed",
      "type": "aws_instance",
      "name": "Masters",
      "each": "list",
      "provider": "provider.aws",
      "instances": [
        {
          "index_key": 0,
          "schema_version": 1,
          "attributes": {
            "ami": "ami-00a208c7cdba991ea",
            "arn": "arn:aws:ec2:us-east-1:892950578897:instance/i-0b965de86b85acfcc",
            "associate_public_ip_address": true,
            "availability_zone": "us-east-1b",
            "cpu_core_count": 2,
            "cpu_threads_per_core": 1,
            "credit_specification": [
              {
                "cpu_credits": "standard"
              }
            ],
            "disable_api_termination": false,
            "ebs_block_device": [],
            "ebs_optimized": false,
            "ephemeral_block_device": [],
            "get_password_data": false,
            "host_id": null,
            "iam_instance_profile": "",
            "id": "i-0b965de86b85acfcc",
            "instance_initiated_shutdown_behavior": null,
            "instance_state": "running",
            "instance_type": "t2.medium",
            "ipv6_address_count": 0,
            "ipv6_addresses": [],
            "key_name": "SamNew-key",
            "monitoring": false,
            "network_interface": [],
            "network_interface_id": null,
            "password_data": "",
            "placement_group": "",
            "primary_network_interface_id": "eni-0c562dd788213aa76",
            "private_dns": "ip-172-31-46-45.ec2.internal",
            "private_ip": "172.31.46.45",
            "public_dns": "ec2-3-91-91-249.compute-1.amazonaws.com",
            "public_ip": "3.91.91.249",
            "root_block_device": [
              {
                "delete_on_termination": true,
                "encrypted": false,
                "iops": 100,
                "kms_key_id": "",
                "volume_id": "vol-0ea68e336d5bfd604",
                "volume_size": 8,
                "volume_type": "gp2"
              }
            ],
            "security_groups": [
              "default"
            ],
            "source_dest_check": true,
            "subnet_id": "subnet-189c8a44",
            "tags": {
              "Name": "master00"
            },
            "tenancy": "default",
            "timeouts": null,
            "user_data": null,
            "user_data_base64": null,
            "volume_tags": {},
            "vpc_security_group_ids": [
              "default"
            ]
          },
          "private": "eyJlMmJmYjczMC1lY2FhLTExZTYtOGY4OC0zNDM2M2JjN2M0YzAiOnsiY3JlYXRlIjo2MDAwMDAwMDAwMDAsImRlbGV0ZSI6MTIwMDAwMDAwMDAwMCwidXBkYXRlIjo2MDAwMDAwMDAwMDB9LCJzY2hlbWFfdmVyc2lvbiI6IjEifQ=="
        }
      ]
    },
    {
      "mode": "managed",
      "type": "aws_instance",
      "name": "Workers",
      "each": "list",
      "provider": "provider.aws",
      "instances": [
        {
          "index_key": 0,
          "schema_version": 1,
          "attributes": {
            "ami": "ami-00a208c7cdba991ea",
            "arn": "arn:aws:ec2:us-east-1:892950578897:instance/i-08c1799707a384806",
            "associate_public_ip_address": true,
            "availability_zone": "us-east-1b",
            "cpu_core_count": 1,
            "cpu_threads_per_core": 1,
            "credit_specification": [
              {
                "cpu_credits": "standard"
              }
            ],
            "disable_api_termination": false,
            "ebs_block_device": [],
            "ebs_optimized": false,
            "ephemeral_block_device": [],
            "get_password_data": false,
            "host_id": null,
            "iam_instance_profile": "",
            "id": "i-08c1799707a384806",
            "instance_initiated_shutdown_behavior": null,
            "instance_state": "running",
            "instance_type": "t2.micro",
            "ipv6_address_count": 0,
            "ipv6_addresses": [],
            "key_name": "SamNew-key",
            "monitoring": false,
            "network_interface": [],
            "network_interface_id": null,
            "password_data": "",
            "placement_group": "",
            "primary_network_interface_id": "eni-06222d1f8648045c7",
            "private_dns": "ip-172-31-42-47.ec2.internal",
            "private_ip": "172.31.42.47",
            "public_dns": "ec2-3-93-57-176.compute-1.amazonaws.com",
            "public_ip": "3.93.57.176",
            "root_block_device": [
              {
                "delete_on_termination": true,
                "encrypted": false,
                "iops": 100,
                "kms_key_id": "",
                "volume_id": "vol-0b6950b4c43db9b65",
                "volume_size": 8,
                "volume_type": "gp2"
              }
            ],
            "security_groups": [
              "default"
            ],
            "source_dest_check": true,
            "subnet_id": "subnet-189c8a44",
            "tags": {
              "Name": "Worker00"
            },
            "tenancy": "default",
            "timeouts": null,
            "user_data": null,
            "user_data_base64": null,
            "volume_tags": {},
            "vpc_security_group_ids": [
              "default"
            ]
          },
          "private": "eyJlMmJmYjczMC1lY2FhLTExZTYtOGY4OC0zNDM2M2JjN2M0YzAiOnsiY3JlYXRlIjo2MDAwMDAwMDAwMDAsImRlbGV0ZSI6MTIwMDAwMDAwMDAwMCwidXBkYXRlIjo2MDAwMDAwMDAwMDB9LCJzY2hlbWFfdmVyc2lvbiI6IjEifQ=="
        }
      ]
    },
    {
      "mode": "managed",
      "type": "aws_key_pair",
      "name": "SamNew",
      "provider": "provider.aws",
      "instances": [
        {
          "schema_version": 1,
          "attributes": {
            "fingerprint": "28:57:95:83:58:ee:bb:78:8d:ee:3e:9c:f0:04:66:13",
            "id": "SamNew-key",
            "key_name": "SamNew-key",
            "key_name_prefix": null,
            "public_key": "ssh-rsa AAAAB3NzaC1yc2EAAAADAQABAAACAQCxMs4eiEi4abNSrpOJBbtCVDycR5lXgMNVFbv5mR3BtPYS7RRblYdcfEH/nh68jP8jor0VTDx+6uDvzGl+saTJF7CbONijgps8yx8tIL3arrQ9PB7def4MFDatJDeQwCXcatbD8mkld20zCgNsFmDvweF53EA4tHMF9oT7dZMUNthtTS0ZzgmuYvKn6Cnvc9rbyUMB/QjSP0E66iysrbDdrdcVCFSaXH/l8qo7Yn9TAoWn3C/j1XsoBuudQBLUYXsov4elCSCa61FVkEik1fa4lXNP3uxYSXOt0TB5OoZyrLx0EY1ocqK6g9cqcrHEnPdZQuMXF19DcydvAomC2uqA6oI07r/QmcDjTfoFiXNp1mz+kRWRbs0ZqK0UOcuh5dMB+WvW2mjeAbkHxDX2ZaAM7O0qR3FdZQW/yKGDKGOpVoExgy0iyuNfRD+pqWE2s0qOcH8ePgu5W63zqCRy2KxVFa56LhcPQkt9Jxpxwny5dBfyyh4P4iOy57syYJnCDDjdkYwLXejzhF1nZH9RGQQuMWeO0mQR1uxABhT5IibHWyxOPHMvM1dOpgAg77a3XenO0v7zryivPLyuy5WpFyRzZbEnmbkCumqInBu/Min4HknbVZexEA/ltJJQMs4QF12AopgYRjr/IF64kNlItMbYnuyYQIcR/Bl2Zy51fJc98Q== shamir@Shamir-Notebook"
          },
          "private": "eyJzY2hlbWFfdmVyc2lvbiI6IjEifQ=="
        }
      ]
    }
  ]
}
